[{<<"common">>,
  {git,"https://github.com/joq62/common.git",
       {ref,"5408d5dee329aada35b6b2e7b0607af3b5ff25c7"}},
  0},
 {<<"log">>,
  {git,"https://github.com/joq62/log.git",
       {ref,"5633918783f23f8e0444d5d28739bac5ed09f2ea"}},
  0},
 {<<"rd">>,
  {git,"https://github.com/joq62/rd.git",
       {ref,"dd0eb6d9f932df1ce54b1764d428dbb89a0705a7"}},
  0}].
